
Microsoft Visual Studio Solution File, Format Version 12.00
# Visual Studio Version 17
VisualStudioVersion = 17.7.34031.279
MinimumVisualStudioVersion = 10.0.40219.1
Project("{9A19103F-16F7-4668-BE54-9A1E7A4F7556}") = "DevFreela.API", "DevFreela.API\DevFreela.API.csproj", "{EAA09C94-8F1F-4E6D-A4B4-75CF22990B3B}"
EndProject
Project("{9A19103F-16F7-4668-BE54-9A1E7A4F7556}") = "DevFreela.CORE", "DevFreela.CORE\DevFreela.CORE.csproj", "{512A2185-E42A-4E67-9D11-DDA9C7596A4A}"
EndProject
Project("{9A19103F-16F7-4668-BE54-9A1E7A4F7556}") = "DevFreela.Infrastructure", "DevFreela.Infrastructure\DevFreela.Infrastructure.csproj", "{84979A14-C0D3-41FA-9287-7465E74FA644}"
EndProject
Project("{9A19103F-16F7-4668-BE54-9A1E7A4F7556}") = "DevFreela.Application", "DevFreela.Application\DevFreela.Application.csproj", "{ECC331F5-64C4-43A0-A5F8-66299B063DD7}"
EndProject
Project("{FAE04EC0-301F-11D3-BF4B-00C04F79EFBC}") = "DevFreela.UnitTests", "DevFreela.UnitTests\DevFreela.UnitTests.csproj", "{B4AFDC3F-E0D0-4DC4-BAE8-4628DD8CDD4D}"
EndProject
Global
	GlobalSection(SolutionConfigurationPlatforms) = preSolution
		Debug|Any CPU = Debug|Any CPU
		Release|Any CPU = Release|Any CPU
	EndGlobalSection
	GlobalSection(ProjectConfigurationPlatforms) = postSolution
		{EAA09C94-8F1F-4E6D-A4B4-75CF22990B3B}.Debug|Any CPU.ActiveCfg = Debug|Any CPU
		{EAA09C94-8F1F-4E6D-A4B4-75CF22990B3B}.Debug|Any CPU.Build.0 = Debug|Any CPU
		{EAA09C94-8F1F-4E6D-A4B4-75CF22990B3B}.Release|Any CPU.ActiveCfg = Release|Any CPU
		{EAA09C94-8F1F-4E6D-A4B4-75CF22990B3B}.Release|Any CPU.Build.0 = Release|Any CPU
		{512A2185-E42A-4E67-9D11-DDA9C7596A4A}.Debug|Any CPU.ActiveCfg = Debug|Any CPU
		{512A2185-E42A-4E67-9D11-DDA9C7596A4A}.Debug|Any CPU.Build.0 = Debug|Any CPU
		{512A2185-E42A-4E67-9D11-DDA9C7596A4A}.Release|Any CPU.ActiveCfg = Release|Any CPU
		{512A2185-E42A-4E67-9D11-DDA9C7596A4A}.Release|Any CPU.Build.0 = Release|Any CPU
		{84979A14-C0D3-41FA-9287-7465E74FA644}.Debug|Any CPU.ActiveCfg = Debug|Any CPU
		{84979A14-C0D3-41FA-9287-7465E74FA644}.Debug|Any CPU.Build.0 = Debug|Any CPU
		{84979A14-C0D3-41FA-9287-7465E74FA644}.Release|Any CPU.ActiveCfg = Release|Any CPU
		{84979A14-C0D3-41FA-9287-7465E74FA644}.Release|Any CPU.Build.0 = Release|Any CPU
		{ECC331F5-64C4-43A0-A5F8-66299B063DD7}.Debug|Any CPU.ActiveCfg = Debug|Any CPU
		{ECC331F5-64C4-43A0-A5F8-66299B063DD7}.Debug|Any CPU.Build.0 = Debug|Any CPU
		{ECC331F5-64C4-43A0-A5F8-66299B063DD7}.Release|Any CPU.ActiveCfg = Release|Any CPU
		{ECC331F5-64C4-43A0-A5F8-66299B063DD7}.Release|Any CPU.Build.0 = Release|Any CPU
		{B4AFDC3F-E0D0-4DC4-BAE8-4628DD8CDD4D}.Debug|Any CPU.ActiveCfg = Debug|Any CPU
		{B4AFDC3F-E0D0-4DC4-BAE8-4628DD8CDD4D}.Debug|Any CPU.Build.0 = Debug|Any CPU
		{B4AFDC3F-E0D0-4DC4-BAE8-4628DD8CDD4D}.Release|Any CPU.ActiveCfg = Release|Any CPU
		{B4AFDC3F-E0D0-4DC4-BAE8-4628DD8CDD4D}.Release|Any CPU.Build.0 = Release|Any CPU
	EndGlobalSection
	GlobalSection(SolutionProperties) = preSolution
		HideSolutionNode = FALSE
	EndGlobalSection
	GlobalSection(ExtensibilityGlobals) = postSolution
		SolutionGuid = {0781901A-CC9E-49AA-9A00-28DB55546984}
	EndGlobalSection
EndGlobal
