
Microsoft Visual Studio Solution File, Format Version 12.00
# Visual Studio Version 17
VisualStudioVersion = 17.7.34031.279
MinimumVisualStudioVersion = 10.0.40219.1
Project("{9A19103F-16F7-4668-BE54-9A1E7A4F7556}") = "DevFreela.API", "DevFreela.API.csproj", "{42F06D7E-0276-4990-A52E-92B21F67519C}"
EndProject
Project("{FAE04EC0-301F-11D3-BF4B-00C04F79EFBC}") = "DevFreela.Core", "..\DevFreela.Core\DevFreela.Core.csproj", "{66252AE1-4A60-4BDB-B434-E4A02F44874D}"
EndProject
Global
	GlobalSection(SolutionConfigurationPlatforms) = preSolution
		Debug|Any CPU = Debug|Any CPU
		Release|Any CPU = Release|Any CPU
	EndGlobalSection
	GlobalSection(ProjectConfigurationPlatforms) = postSolution
		{42F06D7E-0276-4990-A52E-92B21F67519C}.Debug|Any CPU.ActiveCfg = Debug|Any CPU
		{42F06D7E-0276-4990-A52E-92B21F67519C}.Debug|Any CPU.Build.0 = Debug|Any CPU
		{42F06D7E-0276-4990-A52E-92B21F67519C}.Release|Any CPU.ActiveCfg = Release|Any CPU
		{42F06D7E-0276-4990-A52E-92B21F67519C}.Release|Any CPU.Build.0 = Release|Any CPU
		{66252AE1-4A60-4BDB-B434-E4A02F44874D}.Debug|Any CPU.ActiveCfg = Debug|Any CPU
		{66252AE1-4A60-4BDB-B434-E4A02F44874D}.Debug|Any CPU.Build.0 = Debug|Any CPU
		{66252AE1-4A60-4BDB-B434-E4A02F44874D}.Release|Any CPU.ActiveCfg = Release|Any CPU
		{66252AE1-4A60-4BDB-B434-E4A02F44874D}.Release|Any CPU.Build.0 = Release|Any CPU
	EndGlobalSection
	GlobalSection(SolutionProperties) = preSolution
		HideSolutionNode = FALSE
	EndGlobalSection
	GlobalSection(ExtensibilityGlobals) = postSolution
		SolutionGuid = {7A068410-8DC0-4950-87E5-BC53EC34A352}
	EndGlobalSection
EndGlobal
